Microsoft Visual Studio Solution File, Format Version 11.00
# Visual Studio 2008

Project("{69279B84-13AB-8207-C675-BD6A62FF7C1C}") = "Ant-Farm", "Assembly-CSharp.csproj", "{AF7836C2-03CF-45C1-A5DB-91EC67C81C49}"
EndProject
Global
	GlobalSection(SolutionConfigurationPlatforms) = preSolution
		Debug|Any CPU = Debug|Any CPU
		Release|Any CPU = Release|Any CPU
	EndGlobalSection
	GlobalSection(ProjectConfigurationPlatforms) = postSolution
		{AF7836C2-03CF-45C1-A5DB-91EC67C81C49}.Debug|Any CPU.ActiveCfg = Debug|Any CPU
		{AF7836C2-03CF-45C1-A5DB-91EC67C81C49}.Debug|Any CPU.Build.0 = Debug|Any CPU
		{AF7836C2-03CF-45C1-A5DB-91EC67C81C49}.Release|Any CPU.ActiveCfg = Release|Any CPU
		{AF7836C2-03CF-45C1-A5DB-91EC67C81C49}.Release|Any CPU.Build.0 = Release|Any CPU
	EndGlobalSection
	GlobalSection(SolutionProperties) = preSolution
		HideSolutionNode = FALSE
	EndGlobalSection
	GlobalSection(MonoDevelopProperties) = preSolution
		StartupItem = Assembly-CSharp.csproj
	EndGlobalSection
EndGlobal
