Microsoft Visual Studio Solution File, Format Version 11.00
# Visual Studio 2008

Project("{FEEE2007-36A2-1077-74C5-950A4BEDA7E4}") = "CubiX", "Assembly-CSharp.csproj", "{8239B9A7-28C3-96EA-8CBE-14E18E240239}"
EndProject
Global
	GlobalSection(SolutionConfigurationPlatforms) = preSolution
		Debug|Any CPU = Debug|Any CPU
		Release|Any CPU = Release|Any CPU
	EndGlobalSection
	GlobalSection(ProjectConfigurationPlatforms) = postSolution
		{8239B9A7-28C3-96EA-8CBE-14E18E240239}.Debug|Any CPU.ActiveCfg = Debug|Any CPU
		{8239B9A7-28C3-96EA-8CBE-14E18E240239}.Debug|Any CPU.Build.0 = Debug|Any CPU
		{8239B9A7-28C3-96EA-8CBE-14E18E240239}.Release|Any CPU.ActiveCfg = Release|Any CPU
		{8239B9A7-28C3-96EA-8CBE-14E18E240239}.Release|Any CPU.Build.0 = Release|Any CPU
	EndGlobalSection
	GlobalSection(SolutionProperties) = preSolution
		HideSolutionNode = FALSE
	EndGlobalSection
	GlobalSection(MonoDevelopProperties) = preSolution
		StartupItem = Assembly-CSharp.csproj
	EndGlobalSection
EndGlobal
